
Microsoft Visual Studio Solution File, Format Version 12.00
# Visual Studio Version 17
VisualStudioVersion = 17.5.002.0
MinimumVisualStudioVersion = 10.0.40219.1
Project("{9A19103F-16F7-4668-BE54-9A1E7A4F7556}") = "SBM Quiz App", "SBM Quiz App.csproj", "{50CA74E5-07CD-4872-AFF0-EEDEAD262C5B}"
EndProject
Global
	GlobalSection(SolutionConfigurationPlatforms) = preSolution
		Debug|Any CPU = Debug|Any CPU
		Release|Any CPU = Release|Any CPU
	EndGlobalSection
	GlobalSection(ProjectConfigurationPlatforms) = postSolution
		{50CA74E5-07CD-4872-AFF0-EEDEAD262C5B}.Debug|Any CPU.ActiveCfg = Debug|Any CPU
		{50CA74E5-07CD-4872-AFF0-EEDEAD262C5B}.Debug|Any CPU.Build.0 = Debug|Any CPU
		{50CA74E5-07CD-4872-AFF0-EEDEAD262C5B}.Release|Any CPU.ActiveCfg = Release|Any CPU
		{50CA74E5-07CD-4872-AFF0-EEDEAD262C5B}.Release|Any CPU.Build.0 = Release|Any CPU
	EndGlobalSection
	GlobalSection(SolutionProperties) = preSolution
		HideSolutionNode = FALSE
	EndGlobalSection
	GlobalSection(ExtensibilityGlobals) = postSolution
		SolutionGuid = {850E1573-E51D-4050-BCB7-5B3DF354455E}
	EndGlobalSection
EndGlobal
